
Microsoft Visual Studio Solution File, Format Version 12.00
# Visual Studio 15
Project("{FAE04EC0-301F-11D3-BF4B-00C04F79EFBC}") = "2.0_Калькулятор", "2.0_Калькулятор\2.0_Калькулятор.csproj", "{BCDCE8FD-A4D4-4842-89E4-5756CB3790CA}"
EndProject
Global
	GlobalSection(SolutionConfigurationPlatforms) = preSolution
		Debug|Any CPU = Debug|Any CPU
		Release|Any CPU = Release|Any CPU
	EndGlobalSection
	GlobalSection(ProjectConfigurationPlatforms) = postSolution
		{BCDCE8FD-A4D4-4842-89E4-5756CB3790CA}.Debug|Any CPU.ActiveCfg = Debug|Any CPU
		{BCDCE8FD-A4D4-4842-89E4-5756CB3790CA}.Debug|Any CPU.Build.0 = Debug|Any CPU
		{BCDCE8FD-A4D4-4842-89E4-5756CB3790CA}.Release|Any CPU.ActiveCfg = Release|Any CPU
		{BCDCE8FD-A4D4-4842-89E4-5756CB3790CA}.Release|Any CPU.Build.0 = Release|Any CPU
	EndGlobalSection
EndGlobal
